github.com/stephen-fox/cabinet v0.0.0-20181219235522-2f28077a21f9 h1:jv5iqvPJhAvYBTparxK3LnNxaVwtd/ZxZfRjTU4PvR8=
github.com/stephen-fox/cabinet v0.0.0-20181219235522-2f28077a21f9/go.mod h1:Us0McWlerhiJtB4Gl02Ewv4AlMH5H7uF2maRt0H4Uz4=
github.com/stephen-fox/cabinet v1.1.0 h1:SOQ1dv7nz1Vr4zqG06S1OzBf2OzNqsy+12C/nuNAsr0=
github.com/stephen-fox/cabinet v1.1.0/go.mod h1:Us0McWlerhiJtB4Gl02Ewv4AlMH5H7uF2maRt0H4Uz4=
